
Microsoft Visual Studio Solution File, Format Version 12.00
# Visual Studio Version 16
VisualStudioVersion = 16.0.31005.135
MinimumVisualStudioVersion = 10.0.40219.1
Project("{FAE04EC0-301F-11D3-BF4B-00C04F79EFBC}") = "MovieNightPart1H1", "MovieNightPart1H1\MovieNightPart1H1.csproj", "{EBB456C4-120A-456C-B4CC-BFB549D343F5}"
EndProject
Global
	GlobalSection(SolutionConfigurationPlatforms) = preSolution
		Debug|Any CPU = Debug|Any CPU
		Release|Any CPU = Release|Any CPU
	EndGlobalSection
	GlobalSection(ProjectConfigurationPlatforms) = postSolution
		{EBB456C4-120A-456C-B4CC-BFB549D343F5}.Debug|Any CPU.ActiveCfg = Debug|Any CPU
		{EBB456C4-120A-456C-B4CC-BFB549D343F5}.Debug|Any CPU.Build.0 = Debug|Any CPU
		{EBB456C4-120A-456C-B4CC-BFB549D343F5}.Release|Any CPU.ActiveCfg = Release|Any CPU
		{EBB456C4-120A-456C-B4CC-BFB549D343F5}.Release|Any CPU.Build.0 = Release|Any CPU
	EndGlobalSection
	GlobalSection(SolutionProperties) = preSolution
		HideSolutionNode = FALSE
	EndGlobalSection
	GlobalSection(ExtensibilityGlobals) = postSolution
		SolutionGuid = {5F8018C2-2D90-4CD3-AC42-FD97BA81B4DB}
	EndGlobalSection
EndGlobal
